{
  "lockfile_version": "1",
  "algorithm": "object-hash@sha1/v1",
  "refs": {
    "axon_curve@1.0.0": {
      "namespace": "generators",
      "id": "axon_curve",
      "version": "1.0.0",
      "hash": "e67de644e49fb0619ac48315aab6e7ee58650615",
      "deps": []
    },
    "bg_gradient@1.0.0": {
      "namespace": "backgrounds",
      "id": "bg_gradient",
      "version": "1.0.0",
      "hash": "84e83292f11d2fa767ca742a60d548a44653c621",
      "deps": []
    },
    "dragon@1.0.0": {
      "namespace": "characters",
      "id": "dragon",
      "version": "1.0.0",
      "hash": "51aacf3ed6e362a486aeb62eacc66485325acf61",
      "deps": []
    }
  }
}
