{
  "lockfile_version": "1",
  "algorithm": "object-hash@sha1/v1",
  "refs": {
    "bg_gradient@1.0.0": {
      "namespace": "backgrounds",
      "id": "bg_gradient",
      "version": "1.0.0",
      "hash": "84e83292f11d2fa767ca742a60d548a44653c621",
      "deps": []
    },
    "blip@1.0.0": {
      "namespace": "characters",
      "id": "blip",
      "version": "1.0.0",
      "hash": "0ee38acd75aca505e31c8e8c78c8de86475e4f9c",
      "deps": []
    },
    "kurzgesagt@1.0.0": {
      "namespace": "stylekits",
      "id": "kurzgesagt",
      "version": "1.0.0",
      "hash": "c70eaa416ae16cd7b5d3667908f01b12f559c8be",
      "deps": []
    }
  }
}
