{
  "lockfile_version": "1",
  "algorithm": "object-hash@sha1/v1",
  "refs": {
    "badge@1.0.0": {
      "namespace": "clips",
      "id": "badge",
      "version": "1.0.0",
      "hash": "5536a6cc10dd40f34c7edaf96f82c46ba0494166",
      "deps": []
    },
    "bg_gradient@1.0.0": {
      "namespace": "backgrounds",
      "id": "bg_gradient",
      "version": "1.0.0",
      "hash": "84e83292f11d2fa767ca742a60d548a44653c621",
      "deps": []
    },
    "kurzgesagt@1.0.0": {
      "namespace": "stylekits",
      "id": "kurzgesagt",
      "version": "1.0.0",
      "hash": "c70eaa416ae16cd7b5d3667908f01b12f559c8be",
      "deps": []
    },
    "lower-third@1.0.0": {
      "namespace": "clips",
      "id": "lower-third",
      "version": "1.0.0",
      "hash": "fe37f5eb2d1ee517088d9a3da1b087243c61885a",
      "deps": [
        "badge@1.0.0"
      ]
    }
  }
}
