{
  "lockfile_version": "1",
  "algorithm": "object-hash@sha1/v1",
  "refs": {
    "plain@1.0.0": {
      "namespace": "stylekits",
      "id": "plain",
      "version": "1.0.0",
      "hash": "fb56c23a60d8cef3e43f7f126ecbd4a3ec2d6622",
      "deps": []
    },
    "snakes-village@1.0.0": {
      "namespace": "newsclips",
      "id": "snakes-village",
      "version": "1.0.0",
      "hash": "011ce39ff19a7bb42b2a7eed6201741889dd1cd7",
      "deps": []
    }
  }
}
